
Microsoft Visual Studio Solution File, Format Version 12.00
# Visual Studio Version 16
VisualStudioVersion = 16.0.31112.23
MinimumVisualStudioVersion = 10.0.40219.1
Project("{FAE04EC0-301F-11D3-BF4B-00C04F79EFBC}") = "whileDongusu", "whileDongusu\whileDongusu.csproj", "{42255B6B-CA79-43E5-B354-486BF435B56A}"
EndProject
Project("{FAE04EC0-301F-11D3-BF4B-00C04F79EFBC}") = "fordongusu", "fordongusu\fordongusu.csproj", "{B90883CA-9AF0-4854-9637-F340A0839382}"
EndProject
Project("{FAE04EC0-301F-11D3-BF4B-00C04F79EFBC}") = "forLoopOrnegi", "forLoopOrnegi\forLoopOrnegi.csproj", "{80E22409-E62A-4A90-B0BC-D1C526A99E52}"
EndProject
Project("{FAE04EC0-301F-11D3-BF4B-00C04F79EFBC}") = "JumpTerimleri", "JumpTerimleri\JumpTerimleri.csproj", "{54018CB8-6FE3-4225-9A44-686DB9C4D65A}"
EndProject
Project("{FAE04EC0-301F-11D3-BF4B-00C04F79EFBC}") = "EnbuyukHesaplama", "EnbuyukHesaplama\EnbuyukHesaplama.csproj", "{0108CD0E-0BDD-4985-9BDE-08A956911375}"
EndProject
Project("{FAE04EC0-301F-11D3-BF4B-00C04F79EFBC}") = "Loginİslemi", "Loginİslemi\Loginİslemi.csproj", "{0A4BA808-C3EC-4DE5-BD6E-DEA48C6FA552}"
EndProject
Project("{FAE04EC0-301F-11D3-BF4B-00C04F79EFBC}") = "Exceptions", "Exceptions\Exceptions.csproj", "{06F90B93-0E71-44C5-9C77-61435D5006BD}"
EndProject
Project("{FAE04EC0-301F-11D3-BF4B-00C04F79EFBC}") = "Exceptions2", "Exceptions2\Exceptions2.csproj", "{06E98750-1293-4B1F-908D-7D296F42DD2A}"
EndProject
Project("{FAE04EC0-301F-11D3-BF4B-00C04F79EFBC}") = "Exception3", "Exception3\Exception3.csproj", "{387FC16F-11A0-427D-AD1B-37CBDCA7606A}"
EndProject
Global
	GlobalSection(SolutionConfigurationPlatforms) = preSolution
		Debug|Any CPU = Debug|Any CPU
		Release|Any CPU = Release|Any CPU
	EndGlobalSection
	GlobalSection(ProjectConfigurationPlatforms) = postSolution
		{42255B6B-CA79-43E5-B354-486BF435B56A}.Debug|Any CPU.ActiveCfg = Debug|Any CPU
		{42255B6B-CA79-43E5-B354-486BF435B56A}.Debug|Any CPU.Build.0 = Debug|Any CPU
		{42255B6B-CA79-43E5-B354-486BF435B56A}.Release|Any CPU.ActiveCfg = Release|Any CPU
		{42255B6B-CA79-43E5-B354-486BF435B56A}.Release|Any CPU.Build.0 = Release|Any CPU
		{B90883CA-9AF0-4854-9637-F340A0839382}.Debug|Any CPU.ActiveCfg = Debug|Any CPU
		{B90883CA-9AF0-4854-9637-F340A0839382}.Debug|Any CPU.Build.0 = Debug|Any CPU
		{B90883CA-9AF0-4854-9637-F340A0839382}.Release|Any CPU.ActiveCfg = Release|Any CPU
		{B90883CA-9AF0-4854-9637-F340A0839382}.Release|Any CPU.Build.0 = Release|Any CPU
		{80E22409-E62A-4A90-B0BC-D1C526A99E52}.Debug|Any CPU.ActiveCfg = Debug|Any CPU
		{80E22409-E62A-4A90-B0BC-D1C526A99E52}.Debug|Any CPU.Build.0 = Debug|Any CPU
		{80E22409-E62A-4A90-B0BC-D1C526A99E52}.Release|Any CPU.ActiveCfg = Release|Any CPU
		{80E22409-E62A-4A90-B0BC-D1C526A99E52}.Release|Any CPU.Build.0 = Release|Any CPU
		{54018CB8-6FE3-4225-9A44-686DB9C4D65A}.Debug|Any CPU.ActiveCfg = Debug|Any CPU
		{54018CB8-6FE3-4225-9A44-686DB9C4D65A}.Debug|Any CPU.Build.0 = Debug|Any CPU
		{54018CB8-6FE3-4225-9A44-686DB9C4D65A}.Release|Any CPU.ActiveCfg = Release|Any CPU
		{54018CB8-6FE3-4225-9A44-686DB9C4D65A}.Release|Any CPU.Build.0 = Release|Any CPU
		{0108CD0E-0BDD-4985-9BDE-08A956911375}.Debug|Any CPU.ActiveCfg = Debug|Any CPU
		{0108CD0E-0BDD-4985-9BDE-08A956911375}.Debug|Any CPU.Build.0 = Debug|Any CPU
		{0108CD0E-0BDD-4985-9BDE-08A956911375}.Release|Any CPU.ActiveCfg = Release|Any CPU
		{0108CD0E-0BDD-4985-9BDE-08A956911375}.Release|Any CPU.Build.0 = Release|Any CPU
		{0A4BA808-C3EC-4DE5-BD6E-DEA48C6FA552}.Debug|Any CPU.ActiveCfg = Debug|Any CPU
		{0A4BA808-C3EC-4DE5-BD6E-DEA48C6FA552}.Debug|Any CPU.Build.0 = Debug|Any CPU
		{0A4BA808-C3EC-4DE5-BD6E-DEA48C6FA552}.Release|Any CPU.ActiveCfg = Release|Any CPU
		{0A4BA808-C3EC-4DE5-BD6E-DEA48C6FA552}.Release|Any CPU.Build.0 = Release|Any CPU
		{06F90B93-0E71-44C5-9C77-61435D5006BD}.Debug|Any CPU.ActiveCfg = Debug|Any CPU
		{06F90B93-0E71-44C5-9C77-61435D5006BD}.Debug|Any CPU.Build.0 = Debug|Any CPU
		{06F90B93-0E71-44C5-9C77-61435D5006BD}.Release|Any CPU.ActiveCfg = Release|Any CPU
		{06F90B93-0E71-44C5-9C77-61435D5006BD}.Release|Any CPU.Build.0 = Release|Any CPU
		{06E98750-1293-4B1F-908D-7D296F42DD2A}.Debug|Any CPU.ActiveCfg = Debug|Any CPU
		{06E98750-1293-4B1F-908D-7D296F42DD2A}.Debug|Any CPU.Build.0 = Debug|Any CPU
		{06E98750-1293-4B1F-908D-7D296F42DD2A}.Release|Any CPU.ActiveCfg = Release|Any CPU
		{06E98750-1293-4B1F-908D-7D296F42DD2A}.Release|Any CPU.Build.0 = Release|Any CPU
		{387FC16F-11A0-427D-AD1B-37CBDCA7606A}.Debug|Any CPU.ActiveCfg = Debug|Any CPU
		{387FC16F-11A0-427D-AD1B-37CBDCA7606A}.Debug|Any CPU.Build.0 = Debug|Any CPU
		{387FC16F-11A0-427D-AD1B-37CBDCA7606A}.Release|Any CPU.ActiveCfg = Release|Any CPU
		{387FC16F-11A0-427D-AD1B-37CBDCA7606A}.Release|Any CPU.Build.0 = Release|Any CPU
	EndGlobalSection
	GlobalSection(SolutionProperties) = preSolution
		HideSolutionNode = FALSE
	EndGlobalSection
	GlobalSection(ExtensibilityGlobals) = postSolution
		SolutionGuid = {F1D4E39C-C8A5-45C3-B4B9-63FF68E2F736}
	EndGlobalSection
EndGlobal
